
Microsoft Visual Studio Solution File, Format Version 12.00
# Visual Studio 15
VisualStudioVersion = 15.0.34829.251
MinimumVisualStudioVersion = 10.0.40219.1
Project("{FAE04EC0-301F-11D3-BF4B-00C04F79EFBC}") = "Section", "Section\Section.csproj", "{6B776DEA-7804-420A-9A26-8971964DCED3}"
EndProject
Global
	GlobalSection(SolutionConfigurationPlatforms) = preSolution
		Debug|Any CPU = Debug|Any CPU
		Release|Any CPU = Release|Any CPU
	EndGlobalSection
	GlobalSection(ProjectConfigurationPlatforms) = postSolution
		{6B776DEA-7804-420A-9A26-8971964DCED3}.Debug|Any CPU.ActiveCfg = Debug|Any CPU
		{6B776DEA-7804-420A-9A26-8971964DCED3}.Debug|Any CPU.Build.0 = Debug|Any CPU
		{6B776DEA-7804-420A-9A26-8971964DCED3}.Release|Any CPU.ActiveCfg = Release|Any CPU
		{6B776DEA-7804-420A-9A26-8971964DCED3}.Release|Any CPU.Build.0 = Release|Any CPU
	EndGlobalSection
	GlobalSection(SolutionProperties) = preSolution
		HideSolutionNode = FALSE
	EndGlobalSection
	GlobalSection(ExtensibilityGlobals) = postSolution
		SolutionGuid = {730953C2-23A0-4DA4-B255-FD800A036D90}
	EndGlobalSection
EndGlobal
